
Microsoft Visual Studio Solution File, Format Version 12.00
# Visual Studio Version 16
VisualStudioVersion = 16.0.31019.35
MinimumVisualStudioVersion = 10.0.40219.1
Project("{FAE04EC0-301F-11D3-BF4B-00C04F79EFBC}") = "PredlogOdluke", "PredlogOdluke\PredlogOdluke.csproj", "{20F6A69F-7CBA-41E6-B66B-5FC910ECE3E0}"
EndProject
Global
	GlobalSection(SolutionConfigurationPlatforms) = preSolution
		Debug|Any CPU = Debug|Any CPU
		Release|Any CPU = Release|Any CPU
	EndGlobalSection
	GlobalSection(ProjectConfigurationPlatforms) = postSolution
		{20F6A69F-7CBA-41E6-B66B-5FC910ECE3E0}.Debug|Any CPU.ActiveCfg = Debug|Any CPU
		{20F6A69F-7CBA-41E6-B66B-5FC910ECE3E0}.Debug|Any CPU.Build.0 = Debug|Any CPU
		{20F6A69F-7CBA-41E6-B66B-5FC910ECE3E0}.Release|Any CPU.ActiveCfg = Release|Any CPU
		{20F6A69F-7CBA-41E6-B66B-5FC910ECE3E0}.Release|Any CPU.Build.0 = Release|Any CPU
	EndGlobalSection
	GlobalSection(SolutionProperties) = preSolution
		HideSolutionNode = FALSE
	EndGlobalSection
	GlobalSection(ExtensibilityGlobals) = postSolution
		SolutionGuid = {05C3AF77-3C4C-4635-A007-3096CF6E71E7}
	EndGlobalSection
EndGlobal
